
Microsoft Visual Studio Solution File, Format Version 12.00
# Visual Studio Version 17
VisualStudioVersion = 17.5.33530.505
MinimumVisualStudioVersion = 10.0.40219.1
Project("{FAE04EC0-301F-11D3-BF4B-00C04F79EFBC}") = "WebApplication4", "WebApplication4\WebApplication4.csproj", "{195CB2E5-F679-420D-B7D3-7CF78A159771}"
EndProject
Global
	GlobalSection(SolutionConfigurationPlatforms) = preSolution
		Debug|Any CPU = Debug|Any CPU
		Release|Any CPU = Release|Any CPU
	EndGlobalSection
	GlobalSection(ProjectConfigurationPlatforms) = postSolution
		{195CB2E5-F679-420D-B7D3-7CF78A159771}.Debug|Any CPU.ActiveCfg = Debug|Any CPU
		{195CB2E5-F679-420D-B7D3-7CF78A159771}.Debug|Any CPU.Build.0 = Debug|Any CPU
		{195CB2E5-F679-420D-B7D3-7CF78A159771}.Release|Any CPU.ActiveCfg = Release|Any CPU
		{195CB2E5-F679-420D-B7D3-7CF78A159771}.Release|Any CPU.Build.0 = Release|Any CPU
	EndGlobalSection
	GlobalSection(SolutionProperties) = preSolution
		HideSolutionNode = FALSE
	EndGlobalSection
	GlobalSection(ExtensibilityGlobals) = postSolution
		SolutionGuid = {14BBB24D-47A7-48E9-B887-C3B67E9186B4}
	EndGlobalSection
EndGlobal
